
Microsoft Visual Studio Solution File, Format Version 12.00
# Visual Studio Version 16
VisualStudioVersion = 16.0.30503.244
MinimumVisualStudioVersion = 10.0.40219.1
Project("{FAE04EC0-301F-11D3-BF4B-00C04F79EFBC}") = "MyRentalShop.Web", "MyRentalShop.Web\MyRentalShop.Web.csproj", "{463D7CFA-7135-40A7-A0A7-5673B4E46813}"
EndProject
Global
	GlobalSection(SolutionConfigurationPlatforms) = preSolution
		Debug|Any CPU = Debug|Any CPU
		Release|Any CPU = Release|Any CPU
	EndGlobalSection
	GlobalSection(ProjectConfigurationPlatforms) = postSolution
		{463D7CFA-7135-40A7-A0A7-5673B4E46813}.Debug|Any CPU.ActiveCfg = Debug|Any CPU
		{463D7CFA-7135-40A7-A0A7-5673B4E46813}.Debug|Any CPU.Build.0 = Debug|Any CPU
		{463D7CFA-7135-40A7-A0A7-5673B4E46813}.Release|Any CPU.ActiveCfg = Release|Any CPU
		{463D7CFA-7135-40A7-A0A7-5673B4E46813}.Release|Any CPU.Build.0 = Release|Any CPU
	EndGlobalSection
	GlobalSection(SolutionProperties) = preSolution
		HideSolutionNode = FALSE
	EndGlobalSection
	GlobalSection(ExtensibilityGlobals) = postSolution
		SolutionGuid = {E02889A1-1320-4DC9-A423-1424ACDD204E}
	EndGlobalSection
EndGlobal
